
Microsoft Visual Studio Solution File, Format Version 12.00
# Visual Studio 2013
VisualStudioVersion = 12.0.21005.1
MinimumVisualStudioVersion = 10.0.40219.1
Project("{FAE04EC0-301F-11D3-BF4B-00C04F79EFBC}") = "EmployeeDatabase", "EmployeeDatabase\EmployeeDatabase.csproj", "{7825D5BD-29DB-44B0-8780-810B633DAFFB}"
EndProject
Global
	GlobalSection(SolutionConfigurationPlatforms) = preSolution
		Debug|Any CPU = Debug|Any CPU
		Release|Any CPU = Release|Any CPU
	EndGlobalSection
	GlobalSection(ProjectConfigurationPlatforms) = postSolution
		{7825D5BD-29DB-44B0-8780-810B633DAFFB}.Debug|Any CPU.ActiveCfg = Debug|Any CPU
		{7825D5BD-29DB-44B0-8780-810B633DAFFB}.Debug|Any CPU.Build.0 = Debug|Any CPU
		{7825D5BD-29DB-44B0-8780-810B633DAFFB}.Release|Any CPU.ActiveCfg = Release|Any CPU
		{7825D5BD-29DB-44B0-8780-810B633DAFFB}.Release|Any CPU.Build.0 = Release|Any CPU
	EndGlobalSection
	GlobalSection(SolutionProperties) = preSolution
		HideSolutionNode = FALSE
	EndGlobalSection
EndGlobal
